
Microsoft Visual Studio Solution File, Format Version 12.00
# Visual Studio Version 17
VisualStudioVersion = 17.9.34701.34
MinimumVisualStudioVersion = 10.0.40219.1
Project("{9A19103F-16F7-4668-BE54-9A1E7A4F7556}") = "Api", "Api\Api.csproj", "{0FD44505-991B-419B-BC2D-2538F2F4757F}"
EndProject
Project("{9A19103F-16F7-4668-BE54-9A1E7A4F7556}") = "front", "front\front.csproj", "{83A74F08-624E-4BD9-9866-99372CA792D0}"
EndProject
Global
	GlobalSection(SolutionConfigurationPlatforms) = preSolution
		Debug|Any CPU = Debug|Any CPU
		Release|Any CPU = Release|Any CPU
	EndGlobalSection
	GlobalSection(ProjectConfigurationPlatforms) = postSolution
		{0FD44505-991B-419B-BC2D-2538F2F4757F}.Debug|Any CPU.ActiveCfg = Debug|Any CPU
		{0FD44505-991B-419B-BC2D-2538F2F4757F}.Debug|Any CPU.Build.0 = Debug|Any CPU
		{0FD44505-991B-419B-BC2D-2538F2F4757F}.Release|Any CPU.ActiveCfg = Release|Any CPU
		{0FD44505-991B-419B-BC2D-2538F2F4757F}.Release|Any CPU.Build.0 = Release|Any CPU
		{83A74F08-624E-4BD9-9866-99372CA792D0}.Debug|Any CPU.ActiveCfg = Debug|Any CPU
		{83A74F08-624E-4BD9-9866-99372CA792D0}.Debug|Any CPU.Build.0 = Debug|Any CPU
		{83A74F08-624E-4BD9-9866-99372CA792D0}.Release|Any CPU.ActiveCfg = Release|Any CPU
		{83A74F08-624E-4BD9-9866-99372CA792D0}.Release|Any CPU.Build.0 = Release|Any CPU
	EndGlobalSection
	GlobalSection(SolutionProperties) = preSolution
		HideSolutionNode = FALSE
	EndGlobalSection
	GlobalSection(ExtensibilityGlobals) = postSolution
		SolutionGuid = {FAE57037-44D5-41D7-B724-B0F9C519E5E3}
	EndGlobalSection
EndGlobal
